
Microsoft Visual Studio Solution File, Format Version 12.00
# Visual Studio Version 16
VisualStudioVersion = 16.0.31424.327
MinimumVisualStudioVersion = 10.0.40219.1
Project("{FAE04EC0-301F-11D3-BF4B-00C04F79EFBC}") = "WebApplication1", "WebApplication1\WebApplication1.csproj", "{1B3324B4-5119-4329-B04D-6FBAD6ED36F0}"
EndProject
Global
	GlobalSection(SolutionConfigurationPlatforms) = preSolution
		Debug|Any CPU = Debug|Any CPU
		Release|Any CPU = Release|Any CPU
	EndGlobalSection
	GlobalSection(ProjectConfigurationPlatforms) = postSolution
		{1B3324B4-5119-4329-B04D-6FBAD6ED36F0}.Debug|Any CPU.ActiveCfg = Debug|Any CPU
		{1B3324B4-5119-4329-B04D-6FBAD6ED36F0}.Debug|Any CPU.Build.0 = Debug|Any CPU
		{1B3324B4-5119-4329-B04D-6FBAD6ED36F0}.Release|Any CPU.ActiveCfg = Release|Any CPU
		{1B3324B4-5119-4329-B04D-6FBAD6ED36F0}.Release|Any CPU.Build.0 = Release|Any CPU
	EndGlobalSection
	GlobalSection(SolutionProperties) = preSolution
		HideSolutionNode = FALSE
	EndGlobalSection
	GlobalSection(ExtensibilityGlobals) = postSolution
		SolutionGuid = {D1E130FE-F5A8-4864-A05B-4705B1468E86}
	EndGlobalSection
EndGlobal
